
Microsoft Visual Studio Solution File, Format Version 12.00
# Visual Studio Version 17
VisualStudioVersion = 17.0.31919.166
MinimumVisualStudioVersion = 10.0.40219.1
Project("{9A19103F-16F7-4668-BE54-9A1E7A4F7556}") = "ECommerceProjectWithMVC.WebUI", "ECommerceProjectWithMVC.WebUI.csproj", "{B88329A3-FA65-411C-9B7C-6F2EC1D52E75}"
EndProject
Project("{9A19103F-16F7-4668-BE54-9A1E7A4F7556}") = "Shop.Cryptolib", "..\Shop.Cryptolib\Shop.Cryptolib.csproj", "{A48EF665-A240-4BB6-A195-8C5C99ECB660}"
EndProject
Project("{FAE04EC0-301F-11D3-BF4B-00C04F79EFBC}") = "ECommerceProjectWithMVC.Domain", "..\ECommerceProjectWithMVC.Domain\ECommerceProjectWithMVC.Domain.csproj", "{5651F1F5-E630-460F-A1AB-381040E315A2}"
EndProject
Project("{FAE04EC0-301F-11D3-BF4B-00C04F79EFBC}") = "ECommerceProjectWithMVC.Application", "..\ECommerceProjectWithMVC.Application\ECommerceProjectWithMVC.Application.csproj", "{CD30D415-EFA4-4A30-A8F1-8AA21FF2866B}"
EndProject
Global
	GlobalSection(SolutionConfigurationPlatforms) = preSolution
		Debug|Any CPU = Debug|Any CPU
		Release|Any CPU = Release|Any CPU
	EndGlobalSection
	GlobalSection(ProjectConfigurationPlatforms) = postSolution
		{B88329A3-FA65-411C-9B7C-6F2EC1D52E75}.Debug|Any CPU.ActiveCfg = Debug|Any CPU
		{B88329A3-FA65-411C-9B7C-6F2EC1D52E75}.Debug|Any CPU.Build.0 = Debug|Any CPU
		{B88329A3-FA65-411C-9B7C-6F2EC1D52E75}.Release|Any CPU.ActiveCfg = Release|Any CPU
		{B88329A3-FA65-411C-9B7C-6F2EC1D52E75}.Release|Any CPU.Build.0 = Release|Any CPU
		{A48EF665-A240-4BB6-A195-8C5C99ECB660}.Debug|Any CPU.ActiveCfg = Debug|Any CPU
		{A48EF665-A240-4BB6-A195-8C5C99ECB660}.Debug|Any CPU.Build.0 = Debug|Any CPU
		{A48EF665-A240-4BB6-A195-8C5C99ECB660}.Release|Any CPU.ActiveCfg = Release|Any CPU
		{A48EF665-A240-4BB6-A195-8C5C99ECB660}.Release|Any CPU.Build.0 = Release|Any CPU
		{5651F1F5-E630-460F-A1AB-381040E315A2}.Debug|Any CPU.ActiveCfg = Debug|Any CPU
		{5651F1F5-E630-460F-A1AB-381040E315A2}.Debug|Any CPU.Build.0 = Debug|Any CPU
		{5651F1F5-E630-460F-A1AB-381040E315A2}.Release|Any CPU.ActiveCfg = Release|Any CPU
		{5651F1F5-E630-460F-A1AB-381040E315A2}.Release|Any CPU.Build.0 = Release|Any CPU
		{CD30D415-EFA4-4A30-A8F1-8AA21FF2866B}.Debug|Any CPU.ActiveCfg = Debug|Any CPU
		{CD30D415-EFA4-4A30-A8F1-8AA21FF2866B}.Debug|Any CPU.Build.0 = Debug|Any CPU
		{CD30D415-EFA4-4A30-A8F1-8AA21FF2866B}.Release|Any CPU.ActiveCfg = Release|Any CPU
		{CD30D415-EFA4-4A30-A8F1-8AA21FF2866B}.Release|Any CPU.Build.0 = Release|Any CPU
	EndGlobalSection
	GlobalSection(SolutionProperties) = preSolution
		HideSolutionNode = FALSE
	EndGlobalSection
	GlobalSection(ExtensibilityGlobals) = postSolution
		SolutionGuid = {F318EA01-6CB2-4BCB-A97F-0B0DE253026A}
	EndGlobalSection
EndGlobal
