
Microsoft Visual Studio Solution File, Format Version 12.00
# Visual Studio Version 17
VisualStudioVersion = 17.0.31919.166
MinimumVisualStudioVersion = 10.0.40219.1
Project("{FAE04EC0-301F-11D3-BF4B-00C04F79EFBC}") = "ECommerceProjectWithMVC", "ECommerceProjectWithMVC.csproj", "{B88329A3-FA65-411C-9B7C-6F2EC1D52E75}"
EndProject
Global
	GlobalSection(SolutionConfigurationPlatforms) = preSolution
		Debug|Any CPU = Debug|Any CPU
		Release|Any CPU = Release|Any CPU
	EndGlobalSection
	GlobalSection(ProjectConfigurationPlatforms) = postSolution
		{B88329A3-FA65-411C-9B7C-6F2EC1D52E75}.Debug|Any CPU.ActiveCfg = Debug|Any CPU
		{B88329A3-FA65-411C-9B7C-6F2EC1D52E75}.Debug|Any CPU.Build.0 = Debug|Any CPU
		{B88329A3-FA65-411C-9B7C-6F2EC1D52E75}.Release|Any CPU.ActiveCfg = Release|Any CPU
		{B88329A3-FA65-411C-9B7C-6F2EC1D52E75}.Release|Any CPU.Build.0 = Release|Any CPU
	EndGlobalSection
	GlobalSection(SolutionProperties) = preSolution
		HideSolutionNode = FALSE
	EndGlobalSection
	GlobalSection(ExtensibilityGlobals) = postSolution
		SolutionGuid = {F318EA01-6CB2-4BCB-A97F-0B0DE253026A}
	EndGlobalSection
EndGlobal
